
Microsoft Visual Studio Solution File, Format Version 12.00
# Visual Studio Version 17
VisualStudioVersion = 17.1.32228.430
MinimumVisualStudioVersion = 10.0.40219.1
Project("{FAE04EC0-301F-11D3-BF4B-00C04F79EFBC}") = "HashVarifier", "HashVarifier\HashVarifier.csproj", "{AF3AD580-91EE-4BD6-8335-F8D3515540DA}"
EndProject
Global
	GlobalSection(SolutionConfigurationPlatforms) = preSolution
		Debug|Any CPU = Debug|Any CPU
		Release|Any CPU = Release|Any CPU
	EndGlobalSection
	GlobalSection(ProjectConfigurationPlatforms) = postSolution
		{AF3AD580-91EE-4BD6-8335-F8D3515540DA}.Debug|Any CPU.ActiveCfg = Debug|Any CPU
		{AF3AD580-91EE-4BD6-8335-F8D3515540DA}.Debug|Any CPU.Build.0 = Debug|Any CPU
		{AF3AD580-91EE-4BD6-8335-F8D3515540DA}.Release|Any CPU.ActiveCfg = Release|Any CPU
		{AF3AD580-91EE-4BD6-8335-F8D3515540DA}.Release|Any CPU.Build.0 = Release|Any CPU
	EndGlobalSection
	GlobalSection(SolutionProperties) = preSolution
		HideSolutionNode = FALSE
	EndGlobalSection
	GlobalSection(ExtensibilityGlobals) = postSolution
		SolutionGuid = {CB27F090-FD2A-4B35-AC9A-738D38235A4B}
	EndGlobalSection
EndGlobal
